
Microsoft Visual Studio Solution File, Format Version 12.00
# Visual Studio Version 17
VisualStudioVersion = 17.2.32526.322
MinimumVisualStudioVersion = 10.0.40219.1
Project("{9A19103F-16F7-4668-BE54-9A1E7A4F7556}") = "ApiGateway", "ApiGateway\ApiGateway.csproj", "{653B7A4F-91D4-4A9F-8EBA-69DFA23F7F32}"
EndProject
Project("{2150E333-8FDC-42A3-9474-1A3956D46DE8}") = "src", "src", "{CEAB8EA0-41A4-4724-ACDF-51AD719A6597}"
EndProject
Project("{2150E333-8FDC-42A3-9474-1A3956D46DE8}") = "ApiGateways", "ApiGateways", "{FE099F49-D1E6-48B2-9EA7-DDC9ED45C61C}"
EndProject
Project("{2150E333-8FDC-42A3-9474-1A3956D46DE8}") = "ApiGatewayBase", "ApiGatewayBase", "{352BD4DE-D8A3-42A6-845B-8AA039CC02A2}"
EndProject
Project("{2150E333-8FDC-42A3-9474-1A3956D46DE8}") = "Services", "Services", "{AD8903BF-7626-40EC-98F8-CB43821C0BAD}"
EndProject
Project("{2150E333-8FDC-42A3-9474-1A3956D46DE8}") = "Catalog", "Catalog", "{E1430226-A315-4DDE-BC9C-84B6B4B16D8A}"
EndProject
Project("{2150E333-8FDC-42A3-9474-1A3956D46DE8}") = "ShoppingCart", "ShoppingCart", "{7D71005E-DF34-431F-B95E-F3E5C8C17700}"
EndProject
Project("{9A19103F-16F7-4668-BE54-9A1E7A4F7556}") = "Catalog.API", "Services\Catalog\Catalog.API\Catalog.API.csproj", "{F1C8C842-F169-4A47-B526-F96EC1C09B4F}"
EndProject
Project("{9A19103F-16F7-4668-BE54-9A1E7A4F7556}") = "Catalog.Core", "Services\Catalog\Catalog.Core\Catalog.Core.csproj", "{D1E523B2-87F4-4A5D-B40A-06A42F0F0C0E}"
EndProject
Project("{9A19103F-16F7-4668-BE54-9A1E7A4F7556}") = "Catalog.Infrastructure", "Services\Catalog\Catalog.Infrastructure\Catalog.Infrastructure.csproj", "{07C52F09-3C21-451C-8144-28EFF268EE45}"
EndProject
Project("{9A19103F-16F7-4668-BE54-9A1E7A4F7556}") = "ShoppingCart.API", "Services\ShoppingCart\ShoppingCart.API\ShoppingCart.API.csproj", "{D3DCB779-982E-4D09-8C91-267D45A9D0FC}"
EndProject
Project("{9A19103F-16F7-4668-BE54-9A1E7A4F7556}") = "ShoppingCart.Core", "Services\ShoppingCart\ShoppingCart.Core\ShoppingCart.Core.csproj", "{289F6C73-2E76-40E2-9AC1-BED462549D8E}"
EndProject
Project("{9A19103F-16F7-4668-BE54-9A1E7A4F7556}") = "ShoppingCart.Infrastructure", "Services\ShoppingCart\ShoppingCart.Infrastructure\ShoppingCart.Infrastructure.csproj", "{98A0B248-9CFF-4A05-BB87-6406D2B6B5B6}"
EndProject
Project("{E53339B2-1760-4266-BCC7-CA923CBCF16C}") = "docker-compose", "docker-compose.dcproj", "{E22C0214-B1BE-4FE5-89AF-D7DF716598BD}"
EndProject
Project("{2150E333-8FDC-42A3-9474-1A3956D46DE8}") = "ServiceDiscovery", "ServiceDiscovery", "{A675FA77-7E09-40CB-92BC-2888EFC6094B}"
EndProject
Project("{FAE04EC0-301F-11D3-BF4B-00C04F79EFBC}") = "Infrastructure", "ServiceDiscovery\Infrastructure\Infrastructure.csproj", "{765DCEC2-2194-45D4-A4B6-75F71EA60F03}"
EndProject
Global
	GlobalSection(SolutionConfigurationPlatforms) = preSolution
		Debug|Any CPU = Debug|Any CPU
		Release|Any CPU = Release|Any CPU
	EndGlobalSection
	GlobalSection(ProjectConfigurationPlatforms) = postSolution
		{653B7A4F-91D4-4A9F-8EBA-69DFA23F7F32}.Debug|Any CPU.ActiveCfg = Debug|Any CPU
		{653B7A4F-91D4-4A9F-8EBA-69DFA23F7F32}.Debug|Any CPU.Build.0 = Debug|Any CPU
		{653B7A4F-91D4-4A9F-8EBA-69DFA23F7F32}.Release|Any CPU.ActiveCfg = Release|Any CPU
		{653B7A4F-91D4-4A9F-8EBA-69DFA23F7F32}.Release|Any CPU.Build.0 = Release|Any CPU
		{F1C8C842-F169-4A47-B526-F96EC1C09B4F}.Debug|Any CPU.ActiveCfg = Debug|Any CPU
		{F1C8C842-F169-4A47-B526-F96EC1C09B4F}.Debug|Any CPU.Build.0 = Debug|Any CPU
		{F1C8C842-F169-4A47-B526-F96EC1C09B4F}.Release|Any CPU.ActiveCfg = Release|Any CPU
		{F1C8C842-F169-4A47-B526-F96EC1C09B4F}.Release|Any CPU.Build.0 = Release|Any CPU
		{D1E523B2-87F4-4A5D-B40A-06A42F0F0C0E}.Debug|Any CPU.ActiveCfg = Debug|Any CPU
		{D1E523B2-87F4-4A5D-B40A-06A42F0F0C0E}.Debug|Any CPU.Build.0 = Debug|Any CPU
		{D1E523B2-87F4-4A5D-B40A-06A42F0F0C0E}.Release|Any CPU.ActiveCfg = Release|Any CPU
		{D1E523B2-87F4-4A5D-B40A-06A42F0F0C0E}.Release|Any CPU.Build.0 = Release|Any CPU
		{07C52F09-3C21-451C-8144-28EFF268EE45}.Debug|Any CPU.ActiveCfg = Debug|Any CPU
		{07C52F09-3C21-451C-8144-28EFF268EE45}.Debug|Any CPU.Build.0 = Debug|Any CPU
		{07C52F09-3C21-451C-8144-28EFF268EE45}.Release|Any CPU.ActiveCfg = Release|Any CPU
		{07C52F09-3C21-451C-8144-28EFF268EE45}.Release|Any CPU.Build.0 = Release|Any CPU
		{D3DCB779-982E-4D09-8C91-267D45A9D0FC}.Debug|Any CPU.ActiveCfg = Debug|Any CPU
		{D3DCB779-982E-4D09-8C91-267D45A9D0FC}.Debug|Any CPU.Build.0 = Debug|Any CPU
		{D3DCB779-982E-4D09-8C91-267D45A9D0FC}.Release|Any CPU.ActiveCfg = Release|Any CPU
		{D3DCB779-982E-4D09-8C91-267D45A9D0FC}.Release|Any CPU.Build.0 = Release|Any CPU
		{289F6C73-2E76-40E2-9AC1-BED462549D8E}.Debug|Any CPU.ActiveCfg = Debug|Any CPU
		{289F6C73-2E76-40E2-9AC1-BED462549D8E}.Debug|Any CPU.Build.0 = Debug|Any CPU
		{289F6C73-2E76-40E2-9AC1-BED462549D8E}.Release|Any CPU.ActiveCfg = Release|Any CPU
		{289F6C73-2E76-40E2-9AC1-BED462549D8E}.Release|Any CPU.Build.0 = Release|Any CPU
		{98A0B248-9CFF-4A05-BB87-6406D2B6B5B6}.Debug|Any CPU.ActiveCfg = Debug|Any CPU
		{98A0B248-9CFF-4A05-BB87-6406D2B6B5B6}.Debug|Any CPU.Build.0 = Debug|Any CPU
		{98A0B248-9CFF-4A05-BB87-6406D2B6B5B6}.Release|Any CPU.ActiveCfg = Release|Any CPU
		{98A0B248-9CFF-4A05-BB87-6406D2B6B5B6}.Release|Any CPU.Build.0 = Release|Any CPU
		{E22C0214-B1BE-4FE5-89AF-D7DF716598BD}.Debug|Any CPU.ActiveCfg = Debug|Any CPU
		{E22C0214-B1BE-4FE5-89AF-D7DF716598BD}.Debug|Any CPU.Build.0 = Debug|Any CPU
		{E22C0214-B1BE-4FE5-89AF-D7DF716598BD}.Release|Any CPU.ActiveCfg = Release|Any CPU
		{E22C0214-B1BE-4FE5-89AF-D7DF716598BD}.Release|Any CPU.Build.0 = Release|Any CPU
		{765DCEC2-2194-45D4-A4B6-75F71EA60F03}.Debug|Any CPU.ActiveCfg = Debug|Any CPU
		{765DCEC2-2194-45D4-A4B6-75F71EA60F03}.Debug|Any CPU.Build.0 = Debug|Any CPU
		{765DCEC2-2194-45D4-A4B6-75F71EA60F03}.Release|Any CPU.ActiveCfg = Release|Any CPU
		{765DCEC2-2194-45D4-A4B6-75F71EA60F03}.Release|Any CPU.Build.0 = Release|Any CPU
	EndGlobalSection
	GlobalSection(SolutionProperties) = preSolution
		HideSolutionNode = FALSE
	EndGlobalSection
	GlobalSection(NestedProjects) = preSolution
		{653B7A4F-91D4-4A9F-8EBA-69DFA23F7F32} = {352BD4DE-D8A3-42A6-845B-8AA039CC02A2}
		{FE099F49-D1E6-48B2-9EA7-DDC9ED45C61C} = {CEAB8EA0-41A4-4724-ACDF-51AD719A6597}
		{352BD4DE-D8A3-42A6-845B-8AA039CC02A2} = {FE099F49-D1E6-48B2-9EA7-DDC9ED45C61C}
		{AD8903BF-7626-40EC-98F8-CB43821C0BAD} = {CEAB8EA0-41A4-4724-ACDF-51AD719A6597}
		{E1430226-A315-4DDE-BC9C-84B6B4B16D8A} = {AD8903BF-7626-40EC-98F8-CB43821C0BAD}
		{7D71005E-DF34-431F-B95E-F3E5C8C17700} = {AD8903BF-7626-40EC-98F8-CB43821C0BAD}
		{F1C8C842-F169-4A47-B526-F96EC1C09B4F} = {E1430226-A315-4DDE-BC9C-84B6B4B16D8A}
		{D1E523B2-87F4-4A5D-B40A-06A42F0F0C0E} = {E1430226-A315-4DDE-BC9C-84B6B4B16D8A}
		{07C52F09-3C21-451C-8144-28EFF268EE45} = {E1430226-A315-4DDE-BC9C-84B6B4B16D8A}
		{D3DCB779-982E-4D09-8C91-267D45A9D0FC} = {7D71005E-DF34-431F-B95E-F3E5C8C17700}
		{289F6C73-2E76-40E2-9AC1-BED462549D8E} = {7D71005E-DF34-431F-B95E-F3E5C8C17700}
		{98A0B248-9CFF-4A05-BB87-6406D2B6B5B6} = {7D71005E-DF34-431F-B95E-F3E5C8C17700}
		{A675FA77-7E09-40CB-92BC-2888EFC6094B} = {CEAB8EA0-41A4-4724-ACDF-51AD719A6597}
		{765DCEC2-2194-45D4-A4B6-75F71EA60F03} = {A675FA77-7E09-40CB-92BC-2888EFC6094B}
	EndGlobalSection
	GlobalSection(ExtensibilityGlobals) = postSolution
		SolutionGuid = {60D61642-4F14-48DC-B886-40C99FD29CC9}
	EndGlobalSection
EndGlobal
