
Microsoft Visual Studio Solution File, Format Version 12.00
# Visual Studio Version 17
VisualStudioVersion = 17.2.32526.322
MinimumVisualStudioVersion = 10.0.40219.1
Project("{FAE04EC0-301F-11D3-BF4B-00C04F79EFBC}") = "ApiGateway", "ApiGateway\ApiGateway.csproj", "{653B7A4F-91D4-4A9F-8EBA-69DFA23F7F32}"
EndProject
Project("{2150E333-8FDC-42A3-9474-1A3956D46DE8}") = "src", "src", "{CEAB8EA0-41A4-4724-ACDF-51AD719A6597}"
EndProject
Project("{2150E333-8FDC-42A3-9474-1A3956D46DE8}") = "ApiGateways", "ApiGateways", "{FE099F49-D1E6-48B2-9EA7-DDC9ED45C61C}"
EndProject
Project("{2150E333-8FDC-42A3-9474-1A3956D46DE8}") = "ApiGatewayBase", "ApiGatewayBase", "{352BD4DE-D8A3-42A6-845B-8AA039CC02A2}"
EndProject
Project("{2150E333-8FDC-42A3-9474-1A3956D46DE8}") = "Mobile.Catalog", "Mobile.Catalog", "{A7031C4D-89A3-4931-A94E-B187622EA1B0}"
EndProject
Project("{2150E333-8FDC-42A3-9474-1A3956D46DE8}") = "Mobile.Shopping", "Mobile.Shopping", "{38E5A27C-2C54-40D1-A079-6A55D72681A7}"
EndProject
Project("{2150E333-8FDC-42A3-9474-1A3956D46DE8}") = "Services", "Services", "{AD8903BF-7626-40EC-98F8-CB43821C0BAD}"
EndProject
Project("{2150E333-8FDC-42A3-9474-1A3956D46DE8}") = "Catalog", "Catalog", "{E1430226-A315-4DDE-BC9C-84B6B4B16D8A}"
EndProject
Project("{2150E333-8FDC-42A3-9474-1A3956D46DE8}") = "Shopping", "Shopping", "{7D71005E-DF34-431F-B95E-F3E5C8C17700}"
EndProject
Project("{FAE04EC0-301F-11D3-BF4B-00C04F79EFBC}") = "Catalog.API", "Services\Catalog\Catalog.API\Catalog.API.csproj", "{F1C8C842-F169-4A47-B526-F96EC1C09B4F}"
EndProject
Project("{FAE04EC0-301F-11D3-BF4B-00C04F79EFBC}") = "Catalog.Core", "Services\Catalog\Catalog.Core\Catalog.Core.csproj", "{D1E523B2-87F4-4A5D-B40A-06A42F0F0C0E}"
EndProject
Project("{FAE04EC0-301F-11D3-BF4B-00C04F79EFBC}") = "Catalog.Infrastructure", "Services\Catalog\Catalog.Infrastructure\Catalog.Infrastructure.csproj", "{07C52F09-3C21-451C-8144-28EFF268EE45}"
EndProject
Global
	GlobalSection(SolutionConfigurationPlatforms) = preSolution
		Debug|Any CPU = Debug|Any CPU
		Release|Any CPU = Release|Any CPU
	EndGlobalSection
	GlobalSection(ProjectConfigurationPlatforms) = postSolution
		{653B7A4F-91D4-4A9F-8EBA-69DFA23F7F32}.Debug|Any CPU.ActiveCfg = Debug|Any CPU
		{653B7A4F-91D4-4A9F-8EBA-69DFA23F7F32}.Debug|Any CPU.Build.0 = Debug|Any CPU
		{653B7A4F-91D4-4A9F-8EBA-69DFA23F7F32}.Release|Any CPU.ActiveCfg = Release|Any CPU
		{653B7A4F-91D4-4A9F-8EBA-69DFA23F7F32}.Release|Any CPU.Build.0 = Release|Any CPU
		{F1C8C842-F169-4A47-B526-F96EC1C09B4F}.Debug|Any CPU.ActiveCfg = Debug|Any CPU
		{F1C8C842-F169-4A47-B526-F96EC1C09B4F}.Debug|Any CPU.Build.0 = Debug|Any CPU
		{F1C8C842-F169-4A47-B526-F96EC1C09B4F}.Release|Any CPU.ActiveCfg = Release|Any CPU
		{F1C8C842-F169-4A47-B526-F96EC1C09B4F}.Release|Any CPU.Build.0 = Release|Any CPU
		{D1E523B2-87F4-4A5D-B40A-06A42F0F0C0E}.Debug|Any CPU.ActiveCfg = Debug|Any CPU
		{D1E523B2-87F4-4A5D-B40A-06A42F0F0C0E}.Debug|Any CPU.Build.0 = Debug|Any CPU
		{D1E523B2-87F4-4A5D-B40A-06A42F0F0C0E}.Release|Any CPU.ActiveCfg = Release|Any CPU
		{D1E523B2-87F4-4A5D-B40A-06A42F0F0C0E}.Release|Any CPU.Build.0 = Release|Any CPU
		{07C52F09-3C21-451C-8144-28EFF268EE45}.Debug|Any CPU.ActiveCfg = Debug|Any CPU
		{07C52F09-3C21-451C-8144-28EFF268EE45}.Debug|Any CPU.Build.0 = Debug|Any CPU
		{07C52F09-3C21-451C-8144-28EFF268EE45}.Release|Any CPU.ActiveCfg = Release|Any CPU
		{07C52F09-3C21-451C-8144-28EFF268EE45}.Release|Any CPU.Build.0 = Release|Any CPU
	EndGlobalSection
	GlobalSection(SolutionProperties) = preSolution
		HideSolutionNode = FALSE
	EndGlobalSection
	GlobalSection(NestedProjects) = preSolution
		{653B7A4F-91D4-4A9F-8EBA-69DFA23F7F32} = {352BD4DE-D8A3-42A6-845B-8AA039CC02A2}
		{FE099F49-D1E6-48B2-9EA7-DDC9ED45C61C} = {CEAB8EA0-41A4-4724-ACDF-51AD719A6597}
		{352BD4DE-D8A3-42A6-845B-8AA039CC02A2} = {FE099F49-D1E6-48B2-9EA7-DDC9ED45C61C}
		{A7031C4D-89A3-4931-A94E-B187622EA1B0} = {FE099F49-D1E6-48B2-9EA7-DDC9ED45C61C}
		{38E5A27C-2C54-40D1-A079-6A55D72681A7} = {FE099F49-D1E6-48B2-9EA7-DDC9ED45C61C}
		{AD8903BF-7626-40EC-98F8-CB43821C0BAD} = {CEAB8EA0-41A4-4724-ACDF-51AD719A6597}
		{E1430226-A315-4DDE-BC9C-84B6B4B16D8A} = {AD8903BF-7626-40EC-98F8-CB43821C0BAD}
		{7D71005E-DF34-431F-B95E-F3E5C8C17700} = {AD8903BF-7626-40EC-98F8-CB43821C0BAD}
		{F1C8C842-F169-4A47-B526-F96EC1C09B4F} = {E1430226-A315-4DDE-BC9C-84B6B4B16D8A}
		{D1E523B2-87F4-4A5D-B40A-06A42F0F0C0E} = {E1430226-A315-4DDE-BC9C-84B6B4B16D8A}
		{07C52F09-3C21-451C-8144-28EFF268EE45} = {E1430226-A315-4DDE-BC9C-84B6B4B16D8A}
	EndGlobalSection
	GlobalSection(ExtensibilityGlobals) = postSolution
		SolutionGuid = {60D61642-4F14-48DC-B886-40C99FD29CC9}
	EndGlobalSection
EndGlobal
